
Microsoft Visual Studio Solution File, Format Version 12.00
# Visual Studio Version 17
VisualStudioVersion = 17.7.34024.191
MinimumVisualStudioVersion = 10.0.40219.1
Project("{FAE04EC0-301F-11D3-BF4B-00C04F79EFBC}") = "DocumentBuilder", "DocumentBuilder\DocumentBuilder.csproj", "{7753CF1A-B2F0-4848-B8F2-94532AFF3EED}"
EndProject
Global
	GlobalSection(SolutionConfigurationPlatforms) = preSolution
		Debug|Any CPU = Debug|Any CPU
		Release|Any CPU = Release|Any CPU
	EndGlobalSection
	GlobalSection(ProjectConfigurationPlatforms) = postSolution
		{7753CF1A-B2F0-4848-B8F2-94532AFF3EED}.Debug|Any CPU.ActiveCfg = Debug|Any CPU
		{7753CF1A-B2F0-4848-B8F2-94532AFF3EED}.Debug|Any CPU.Build.0 = Debug|Any CPU
		{7753CF1A-B2F0-4848-B8F2-94532AFF3EED}.Release|Any CPU.ActiveCfg = Release|Any CPU
		{7753CF1A-B2F0-4848-B8F2-94532AFF3EED}.Release|Any CPU.Build.0 = Release|Any CPU
	EndGlobalSection
	GlobalSection(SolutionProperties) = preSolution
		HideSolutionNode = FALSE
	EndGlobalSection
	GlobalSection(ExtensibilityGlobals) = postSolution
		SolutionGuid = {C12CF4EA-DED8-4D2F-A547-768CB351D19F}
	EndGlobalSection
EndGlobal
